{
  "name": "zenn.dev",
  "version": "1.0.0",
  "lockfileVersion": 3,
  "requires": true,
  "packages": {
    "": {
      "name": "zenn.dev",
      "version": "1.0.0",
      "license": "ISC",
      "dependencies": {
        "@nahisaho/shikigami": "^1.52.1",
        "yaml": "^2.8.2",
        "zenn-cli": "^0.2.3"
      }
    },
    "node_modules/@nahisaho/shikigami": {
      "version": "1.52.1",
      "resolved": "https://registry.npmjs.org/@nahisaho/shikigami/-/shikigami-1.52.1.tgz",
      "integrity": "sha512-x7GrzxS5OXvoO/hipUEDL4fQha8YpZQplNPZN8XP/IS6eASlwUKjJq9aidfq3Gvz7QXz27dYGvXf9eOtMroGBw==",
      "hasInstallScript": true,
      "license": "MIT",
      "bin": {
        "shikigami": "scripts/cli.js",
        "shikigami-init": "scripts/init.js"
      },
      "engines": {
        "vscode": "^1.80.0"
      }
    },
    "node_modules/yaml": {
      "version": "2.8.2",
      "resolved": "https://registry.npmjs.org/yaml/-/yaml-2.8.2.tgz",
      "integrity": "sha512-mplynKqc1C2hTVYxd0PU2xQAc22TI1vShAYGksCCfxbn/dFwnHTNi1bvYsBTkhdUNtGIf5xNOg938rrSSYvS9A==",
      "license": "ISC",
      "bin": {
        "yaml": "bin.mjs"
      },
      "engines": {
        "node": ">= 14.6"
      },
      "funding": {
        "url": "https://github.com/sponsors/eemeli"
      }
    },
    "node_modules/zenn-cli": {
      "version": "0.2.3",
      "resolved": "https://registry.npmjs.org/zenn-cli/-/zenn-cli-0.2.3.tgz",
      "integrity": "sha512-ghYpg2foOeFExvtWKDFSjCsq+utYf84jApw37Wli1MnSAE1la40GZ47kXQDQKeh/1LV2AT0LDMYWbmE64Z4ZSg==",
      "license": "MIT",
      "bin": {
        "zenn": "dist/server/zenn.js"
      },
      "engines": {
        "node": ">=14.0.0"
      }
    }
  }
}
